# THIS IS AN AUTOGENERATED FILE. DO NOT EDIT THIS FILE DIRECTLY.
# yarn lockfile v1


github-slugger@^2.0.0:
  version "2.0.0"
  resolved "https://registry.yarnpkg.com/github-slugger/-/github-slugger-2.0.0.tgz#52cf2f9279a21eb6c59dd385b410f0c0adda8f1a"
  integrity sha512-IaOQ9puYtjrkq7Y0Ygl9KDZnrf/aiUJYUpVf89y8kyaxbRG7Y1SrX/jaumrv81vc61+kiMempujsM3Yw7w5qcw==

marked-gfm-heading-id@^3.0.7:
  version "3.0.7"
  resolved "https://registry.yarnpkg.com/marked-gfm-heading-id/-/marked-gfm-heading-id-3.0.7.tgz#99210e81fbf1ceab2239c18ef365e1ce358c9849"
  integrity sha512-8JtFnp8/50qwpwwt446Uv4Ohy0jDLNGnAB7sWln7SLQcQQV7+K3qlMMwYupELz9cZvKKiRqXHEGNopcEvxM2ew==
  dependencies:
    github-slugger "^2.0.0"

marked@^8.0.0:
  version "8.0.0"
  resolved "https://registry.yarnpkg.com/marked/-/marked-8.0.0.tgz#e808c02daf9d72485477d3ff9a4e193fec94a4db"
  integrity sha512-RI/D5csFVreNrFchdKFSdV38GDHJdD7OdmbNWYzGvApPb0A9pyypgfHC/FBH4ugmRE8cr7yg/TH7tu8585eMhA==
